
Microsoft Visual Studio Solution File, Format Version 12.00
# Visual Studio Version 18
VisualStudioVersion = 18.8.12105.206 oobstable
MinimumVisualStudioVersion = 10.0.40219.1
Project("{9A19103F-16F7-4668-BE54-9A1E7A4F7556}") = "FontStashSharp.Base", "src\FontStashSharp.Base\FontStashSharp.Base.csproj", "{E83EF1DB-805B-4E31-BAE8-883E9E58BDF8}"
EndProject
Project("{9A19103F-16F7-4668-BE54-9A1E7A4F7556}") = "FontStashSharp.Rasterizers.FreeType", "src\FontStashSharp.Rasterizers.FreeType\FontStashSharp.Rasterizers.FreeType.csproj", "{85E8DF07-C87D-4330-9AAA-E2D53DE5318B}"
EndProject
Project("{9A19103F-16F7-4668-BE54-9A1E7A4F7556}") = "FontStashSharp.Rasterizers.StbTrueTypeSharp", "src\FontStashSharp.Rasterizers.StbTrueTypeSharp\FontStashSharp.Rasterizers.StbTrueTypeSharp.csproj", "{D935B0D1-32AA-40A4-91BB-01B68315282E}"
EndProject
Project("{FAE04EC0-301F-11D3-BF4B-00C04F79EFBC}") = "FontStashSharp.TextShapers.HarfBuzz", "src\FontStashSharp.TextShapers.HarfBuzz\FontStashSharp.TextShapers.HarfBuzz.csproj", "{828611F9-AD5B-4335-914A-AACA1CE31AE3}"
EndProject
Project("{FAE04EC0-301F-11D3-BF4B-00C04F79EFBC}") = "FontStashSharp.Base.Tests", "tests\FontStashSharp.Base.Tests\FontStashSharp.Base.Tests.csproj", "{4248A167-3482-4670-B5C4-ECA3EB44B66C}"
EndProject
Project("{FAE04EC0-301F-11D3-BF4B-00C04F79EFBC}") = "FontStashSharp.Rasterizers.SharpAstro", "src\FontStashSharp.Rasterizers.SharpAstro\FontStashSharp.Rasterizers.SharpAstro.csproj", "{82688ECC-A0C8-4AFB-BC5C-149E1C51419A}"
EndProject
Global
	GlobalSection(SolutionConfigurationPlatforms) = preSolution
		Debug|Any CPU = Debug|Any CPU
		Release|Any CPU = Release|Any CPU
	EndGlobalSection
	GlobalSection(ProjectConfigurationPlatforms) = postSolution
		{E83EF1DB-805B-4E31-BAE8-883E9E58BDF8}.Debug|Any CPU.ActiveCfg = Debug|Any CPU
		{E83EF1DB-805B-4E31-BAE8-883E9E58BDF8}.Debug|Any CPU.Build.0 = Debug|Any CPU
		{E83EF1DB-805B-4E31-BAE8-883E9E58BDF8}.Release|Any CPU.ActiveCfg = Release|Any CPU
		{E83EF1DB-805B-4E31-BAE8-883E9E58BDF8}.Release|Any CPU.Build.0 = Release|Any CPU
		{85E8DF07-C87D-4330-9AAA-E2D53DE5318B}.Debug|Any CPU.ActiveCfg = Debug|Any CPU
		{85E8DF07-C87D-4330-9AAA-E2D53DE5318B}.Debug|Any CPU.Build.0 = Debug|Any CPU
		{85E8DF07-C87D-4330-9AAA-E2D53DE5318B}.Release|Any CPU.ActiveCfg = Release|Any CPU
		{85E8DF07-C87D-4330-9AAA-E2D53DE5318B}.Release|Any CPU.Build.0 = Release|Any CPU
		{D935B0D1-32AA-40A4-91BB-01B68315282E}.Debug|Any CPU.ActiveCfg = Debug|Any CPU
		{D935B0D1-32AA-40A4-91BB-01B68315282E}.Debug|Any CPU.Build.0 = Debug|Any CPU
		{D935B0D1-32AA-40A4-91BB-01B68315282E}.Release|Any CPU.ActiveCfg = Release|Any CPU
		{D935B0D1-32AA-40A4-91BB-01B68315282E}.Release|Any CPU.Build.0 = Release|Any CPU
		{828611F9-AD5B-4335-914A-AACA1CE31AE3}.Debug|Any CPU.ActiveCfg = Debug|Any CPU
		{828611F9-AD5B-4335-914A-AACA1CE31AE3}.Debug|Any CPU.Build.0 = Debug|Any CPU
		{828611F9-AD5B-4335-914A-AACA1CE31AE3}.Release|Any CPU.ActiveCfg = Release|Any CPU
		{828611F9-AD5B-4335-914A-AACA1CE31AE3}.Release|Any CPU.Build.0 = Release|Any CPU
		{4248A167-3482-4670-B5C4-ECA3EB44B66C}.Debug|Any CPU.ActiveCfg = Debug|Any CPU
		{4248A167-3482-4670-B5C4-ECA3EB44B66C}.Debug|Any CPU.Build.0 = Debug|Any CPU
		{4248A167-3482-4670-B5C4-ECA3EB44B66C}.Release|Any CPU.ActiveCfg = Release|Any CPU
		{4248A167-3482-4670-B5C4-ECA3EB44B66C}.Release|Any CPU.Build.0 = Release|Any CPU
		{82688ECC-A0C8-4AFB-BC5C-149E1C51419A}.Debug|Any CPU.ActiveCfg = Debug|Any CPU
		{82688ECC-A0C8-4AFB-BC5C-149E1C51419A}.Debug|Any CPU.Build.0 = Debug|Any CPU
		{82688ECC-A0C8-4AFB-BC5C-149E1C51419A}.Release|Any CPU.ActiveCfg = Release|Any CPU
		{82688ECC-A0C8-4AFB-BC5C-149E1C51419A}.Release|Any CPU.Build.0 = Release|Any CPU
	EndGlobalSection
	GlobalSection(SolutionProperties) = preSolution
		HideSolutionNode = FALSE
	EndGlobalSection
	GlobalSection(ExtensibilityGlobals) = postSolution
		SolutionGuid = {35ACDF4E-2CE2-46B1-A19F-35DC131069A1}
	EndGlobalSection
EndGlobal
